
Microsoft Visual Studio Solution File, Format Version 12.00
# Visual Studio Version 17
VisualStudioVersion = 17.11.35111.106
MinimumVisualStudioVersion = 10.0.40219.1
Project("{2150E333-8FDC-42A3-9474-1A3956D46DE8}") = "src", "src", "{1E08F4E7-C79A-4B86-8987-1F9665D542C3}"
EndProject
Project("{FAE04EC0-301F-11D3-BF4B-00C04F79EFBC}") = "Client.Api", "src\Client.Api\Client.Api.csproj", "{44028978-1645-4647-8348-E308E02C8F84}"
EndProject
Project("{FAE04EC0-301F-11D3-BF4B-00C04F79EFBC}") = "Notification.Api", "src\Notification.Api\Notification.Api.csproj", "{0D179610-9C38-40A6-8CD3-B8A3775052F9}"
EndProject
Project("{FAE04EC0-301F-11D3-BF4B-00C04F79EFBC}") = "Otel.Shared", "src\Otel.Shared\Otel.Shared.csproj", "{598A3CE7-D3DE-4418-8A6D-5E8D3E03A45C}"
EndProject
Global
	GlobalSection(SolutionConfigurationPlatforms) = preSolution
		Debug|Any CPU = Debug|Any CPU
		Release|Any CPU = Release|Any CPU
	EndGlobalSection
	GlobalSection(ProjectConfigurationPlatforms) = postSolution
		{44028978-1645-4647-8348-E308E02C8F84}.Debug|Any CPU.ActiveCfg = Debug|Any CPU
		{44028978-1645-4647-8348-E308E02C8F84}.Debug|Any CPU.Build.0 = Debug|Any CPU
		{44028978-1645-4647-8348-E308E02C8F84}.Release|Any CPU.ActiveCfg = Release|Any CPU
		{44028978-1645-4647-8348-E308E02C8F84}.Release|Any CPU.Build.0 = Release|Any CPU
		{0D179610-9C38-40A6-8CD3-B8A3775052F9}.Debug|Any CPU.ActiveCfg = Debug|Any CPU
		{0D179610-9C38-40A6-8CD3-B8A3775052F9}.Debug|Any CPU.Build.0 = Debug|Any CPU
		{0D179610-9C38-40A6-8CD3-B8A3775052F9}.Release|Any CPU.ActiveCfg = Release|Any CPU
		{0D179610-9C38-40A6-8CD3-B8A3775052F9}.Release|Any CPU.Build.0 = Release|Any CPU
		{598A3CE7-D3DE-4418-8A6D-5E8D3E03A45C}.Debug|Any CPU.ActiveCfg = Debug|Any CPU
		{598A3CE7-D3DE-4418-8A6D-5E8D3E03A45C}.Debug|Any CPU.Build.0 = Debug|Any CPU
		{598A3CE7-D3DE-4418-8A6D-5E8D3E03A45C}.Release|Any CPU.ActiveCfg = Release|Any CPU
		{598A3CE7-D3DE-4418-8A6D-5E8D3E03A45C}.Release|Any CPU.Build.0 = Release|Any CPU
	EndGlobalSection
	GlobalSection(SolutionProperties) = preSolution
		HideSolutionNode = FALSE
	EndGlobalSection
	GlobalSection(NestedProjects) = preSolution
		{44028978-1645-4647-8348-E308E02C8F84} = {1E08F4E7-C79A-4B86-8987-1F9665D542C3}
		{0D179610-9C38-40A6-8CD3-B8A3775052F9} = {1E08F4E7-C79A-4B86-8987-1F9665D542C3}
		{598A3CE7-D3DE-4418-8A6D-5E8D3E03A45C} = {1E08F4E7-C79A-4B86-8987-1F9665D542C3}
	EndGlobalSection
	GlobalSection(ExtensibilityGlobals) = postSolution
		SolutionGuid = {DEFEB0AC-3872-46F1-AD67-66C94BC114E2}
	EndGlobalSection
EndGlobal
